
Microsoft Visual Studio Solution File, Format Version 12.00
# Visual Studio Version 16
VisualStudioVersion = 16.0.33027.164
MinimumVisualStudioVersion = 10.0.40219.1
Project("{FAE04EC0-301F-11D3-BF4B-00C04F79EFBC}") = "ServiceManager", "ServiceManager\ServiceManager.csproj", "{146CE5C3-54BC-4CBE-AE77-ECF369A417F6}"
EndProject
Project("{FAE04EC0-301F-11D3-BF4B-00C04F79EFBC}") = "Certificates", "Certificates\Certificates.csproj", "{97B7B297-0E6B-40F5-9DB6-650477706E17}"
EndProject
Project("{FAE04EC0-301F-11D3-BF4B-00C04F79EFBC}") = "Client", "Client\Client.csproj", "{274798FF-0563-4948-BACD-A026467E4389}"
EndProject
Project("{FAE04EC0-301F-11D3-BF4B-00C04F79EFBC}") = "Interfaces", "Interfaces\Interfaces.csproj", "{5AA9D338-99F0-4E11-84E1-0CECCFB4293C}"
EndProject
Global
	GlobalSection(SolutionConfigurationPlatforms) = preSolution
		Debug|Any CPU = Debug|Any CPU
		Release|Any CPU = Release|Any CPU
	EndGlobalSection
	GlobalSection(ProjectConfigurationPlatforms) = postSolution
		{146CE5C3-54BC-4CBE-AE77-ECF369A417F6}.Debug|Any CPU.ActiveCfg = Debug|Any CPU
		{146CE5C3-54BC-4CBE-AE77-ECF369A417F6}.Debug|Any CPU.Build.0 = Debug|Any CPU
		{146CE5C3-54BC-4CBE-AE77-ECF369A417F6}.Release|Any CPU.ActiveCfg = Release|Any CPU
		{146CE5C3-54BC-4CBE-AE77-ECF369A417F6}.Release|Any CPU.Build.0 = Release|Any CPU
		{97B7B297-0E6B-40F5-9DB6-650477706E17}.Debug|Any CPU.ActiveCfg = Debug|Any CPU
		{97B7B297-0E6B-40F5-9DB6-650477706E17}.Debug|Any CPU.Build.0 = Debug|Any CPU
		{97B7B297-0E6B-40F5-9DB6-650477706E17}.Release|Any CPU.ActiveCfg = Release|Any CPU
		{97B7B297-0E6B-40F5-9DB6-650477706E17}.Release|Any CPU.Build.0 = Release|Any CPU
		{274798FF-0563-4948-BACD-A026467E4389}.Debug|Any CPU.ActiveCfg = Debug|Any CPU
		{274798FF-0563-4948-BACD-A026467E4389}.Debug|Any CPU.Build.0 = Debug|Any CPU
		{274798FF-0563-4948-BACD-A026467E4389}.Release|Any CPU.ActiveCfg = Release|Any CPU
		{274798FF-0563-4948-BACD-A026467E4389}.Release|Any CPU.Build.0 = Release|Any CPU
		{5AA9D338-99F0-4E11-84E1-0CECCFB4293C}.Debug|Any CPU.ActiveCfg = Debug|Any CPU
		{5AA9D338-99F0-4E11-84E1-0CECCFB4293C}.Debug|Any CPU.Build.0 = Debug|Any CPU
		{5AA9D338-99F0-4E11-84E1-0CECCFB4293C}.Release|Any CPU.ActiveCfg = Release|Any CPU
		{5AA9D338-99F0-4E11-84E1-0CECCFB4293C}.Release|Any CPU.Build.0 = Release|Any CPU
	EndGlobalSection
	GlobalSection(SolutionProperties) = preSolution
		HideSolutionNode = FALSE
	EndGlobalSection
	GlobalSection(ExtensibilityGlobals) = postSolution
		SolutionGuid = {1193549C-FF2D-49FE-813D-93258E14C1BD}
	EndGlobalSection
EndGlobal
